
Microsoft Visual Studio Solution File, Format Version 12.00
# Visual Studio Version 16
VisualStudioVersion = 16.0.31112.23
MinimumVisualStudioVersion = 10.0.40219.1
Project("{FAE04EC0-301F-11D3-BF4B-00C04F79EFBC}") = "LABA3", "LABA3.csproj", "{6E301552-0E28-4513-9DF0-34D82511B542}"
EndProject
Global
	GlobalSection(SolutionConfigurationPlatforms) = preSolution
		Debug|Any CPU = Debug|Any CPU
		Release|Any CPU = Release|Any CPU
	EndGlobalSection
	GlobalSection(ProjectConfigurationPlatforms) = postSolution
		{6E301552-0E28-4513-9DF0-34D82511B542}.Debug|Any CPU.ActiveCfg = Debug|Any CPU
		{6E301552-0E28-4513-9DF0-34D82511B542}.Debug|Any CPU.Build.0 = Debug|Any CPU
		{6E301552-0E28-4513-9DF0-34D82511B542}.Release|Any CPU.ActiveCfg = Release|Any CPU
		{6E301552-0E28-4513-9DF0-34D82511B542}.Release|Any CPU.Build.0 = Release|Any CPU
	EndGlobalSection
	GlobalSection(SolutionProperties) = preSolution
		HideSolutionNode = FALSE
	EndGlobalSection
	GlobalSection(ExtensibilityGlobals) = postSolution
		SolutionGuid = {ACB179BC-CCED-4380-93F2-DACE566698E4}
	EndGlobalSection
EndGlobal
